
Microsoft Visual Studio Solution File, Format Version 12.00
# Visual Studio 15
VisualStudioVersion = 15.0.28307.271
MinimumVisualStudioVersion = 10.0.40219.1
Project("{DA7A21FA-8162-4350-AD77-A8D1B671F3ED}") = "MU", "MU.rxproj", "{D6E39A83-67AB-42CF-86F2-F840E39285C0}"
EndProject
Global
	GlobalSection(SolutionConfigurationPlatforms) = preSolution
		Debug|Any CPU = Debug|Any CPU
		Release|Any CPU = Release|Any CPU
	EndGlobalSection
	GlobalSection(ProjectConfigurationPlatforms) = postSolution
		{D6E39A83-67AB-42CF-86F2-F840E39285C0}.Debug|Any CPU.ActiveCfg = Debug|Any CPU
		{D6E39A83-67AB-42CF-86F2-F840E39285C0}.Debug|Any CPU.Build.0 = Debug|Any CPU
		{D6E39A83-67AB-42CF-86F2-F840E39285C0}.Release|Any CPU.ActiveCfg = Release|Any CPU
		{D6E39A83-67AB-42CF-86F2-F840E39285C0}.Release|Any CPU.Build.0 = Release|Any CPU
	EndGlobalSection
	GlobalSection(SolutionProperties) = preSolution
		HideSolutionNode = FALSE
	EndGlobalSection
	GlobalSection(ExtensibilityGlobals) = postSolution
		SolutionGuid = {642E3B23-264A-4C19-9F16-D721A067EDFF}
	EndGlobalSection
EndGlobal
